
Microsoft Visual Studio Solution File, Format Version 12.00
# Visual Studio Version 17
VisualStudioVersion = 17.8.34316.72
MinimumVisualStudioVersion = 10.0.40219.1
Project("{FAE04EC0-301F-11D3-BF4B-00C04F79EFBC}") = "HybridLifecycle", "HybridLifecycle\HybridLifecycle.csproj", "{AC4129C1-68B7-4DFE-9FBE-91234CEFBC9A}"
EndProject
Global
	GlobalSection(SolutionConfigurationPlatforms) = preSolution
		Debug|Any CPU = Debug|Any CPU
		Release|Any CPU = Release|Any CPU
	EndGlobalSection
	GlobalSection(ProjectConfigurationPlatforms) = postSolution
		{AC4129C1-68B7-4DFE-9FBE-91234CEFBC9A}.Debug|Any CPU.ActiveCfg = Debug|Any CPU
		{AC4129C1-68B7-4DFE-9FBE-91234CEFBC9A}.Debug|Any CPU.Build.0 = Debug|Any CPU
		{AC4129C1-68B7-4DFE-9FBE-91234CEFBC9A}.Release|Any CPU.ActiveCfg = Release|Any CPU
		{AC4129C1-68B7-4DFE-9FBE-91234CEFBC9A}.Release|Any CPU.Build.0 = Release|Any CPU
	EndGlobalSection
	GlobalSection(SolutionProperties) = preSolution
		HideSolutionNode = FALSE
	EndGlobalSection
	GlobalSection(ExtensibilityGlobals) = postSolution
		SolutionGuid = {D60CDB82-BA06-45CF-A923-FE2B2610E4C0}
	EndGlobalSection
EndGlobal
